// !$*UTF8*$!
{
	archiveVersion = 1;
	classes = {
	};
	objectVersion = 56;
	objects = {

/* Begin PBXBuildFile section */
		0F0448520CB7DC5B6B6F5AC5 /* Pods_GripFrameworkSample.framework in Frameworks */ = {isa = PBXBuildFile; fileRef = ECAF4780BE39527FAD52E74A /* Pods_GripFrameworkSample.framework */; };
		DB6B04CB2C17355F004EF001 /* LaunchScreen.storyboard in Resources */ = {isa = PBXBuildFile; fileRef = DB6B04C92C17355F004EF001 /* LaunchScreen.storyboard */; };
		DB6B04CC2C173560004EF001 /* Assets.xcassets in Resources */ = {isa = PBXBuildFile; fileRef = DB6B04CA2C17355F004EF001 /* Assets.xcassets */; };
		DB6B04D42C173573004EF001 /* FeedCollectionViewCell.swift in Sources */ = {isa = PBXBuildFile; fileRef = DB6B04CE2C173573004EF001 /* FeedCollectionViewCell.swift */; };
		DB6B04D52C173573004EF001 /* SampleNavigator.swift in Sources */ = {isa = PBXBuildFile; fileRef = DB6B04CF2C173573004EF001 /* SampleNavigator.swift */; };
		DB6B04D62C173573004EF001 /* GripSDKTabBarController.swift in Sources */ = {isa = PBXBuildFile; fileRef = DB6B04D02C173573004EF001 /* GripSDKTabBarController.swift */; };
		DB6B04D72C173573004EF001 /* AudioManager.swift in Sources */ = {isa = PBXBuildFile; fileRef = DB6B04D12C173573004EF001 /* AudioManager.swift */; };
		DB6B04D82C173573004EF001 /* OptionsViewController.swift in Sources */ = {isa = PBXBuildFile; fileRef = DB6B04D22C173573004EF001 /* OptionsViewController.swift */; };
		DB6B04D92C173573004EF001 /* FeedViewController.swift in Sources */ = {isa = PBXBuildFile; fileRef = DB6B04D32C173573004EF001 /* FeedViewController.swift */; };
		DBA07FA32C1722A7000926F9 /* AppDelegate.swift in Sources */ = {isa = PBXBuildFile; fileRef = DBA07FA22C1722A7000926F9 /* AppDelegate.swift */; };
		DBA07FA52C1722A7000926F9 /* SceneDelegate.swift in Sources */ = {isa = PBXBuildFile; fileRef = DBA07FA42C1722A7000926F9 /* SceneDelegate.swift */; };
/* End PBXBuildFile section */

/* Begin PBXFileReference section */
		5418C7FFB3D4B43935094CCD /* Pods-GripFrameworkSample.release.xcconfig */ = {isa = PBXFileReference; includeInIndex = 1; lastKnownFileType = text.xcconfig; name = "Pods-GripFrameworkSample.release.xcconfig"; path = "Target Support Files/Pods-GripFrameworkSample/Pods-GripFrameworkSample.release.xcconfig"; sourceTree = "<group>"; };
		D3584C7672D9F46266EAF959 /* Pods-GripFrameworkSample.debug.xcconfig */ = {isa = PBXFileReference; includeInIndex = 1; lastKnownFileType = text.xcconfig; name = "Pods-GripFrameworkSample.debug.xcconfig"; path = "Target Support Files/Pods-GripFrameworkSample/Pods-GripFrameworkSample.debug.xcconfig"; sourceTree = "<group>"; };
		DB6B04C92C17355F004EF001 /* LaunchScreen.storyboard */ = {isa = PBXFileReference; fileEncoding = 4; lastKnownFileType = file.storyboard; path = LaunchScreen.storyboard; sourceTree = "<group>"; };
		DB6B04CA2C17355F004EF001 /* Assets.xcassets */ = {isa = PBXFileReference; lastKnownFileType = folder.assetcatalog; path = Assets.xcassets; sourceTree = "<group>"; };
		DB6B04CE2C173573004EF001 /* FeedCollectionViewCell.swift */ = {isa = PBXFileReference; fileEncoding = 4; lastKnownFileType = sourcecode.swift; path = FeedCollectionViewCell.swift; sourceTree = "<group>"; };
		DB6B04CF2C173573004EF001 /* SampleNavigator.swift */ = {isa = PBXFileReference; fileEncoding = 4; lastKnownFileType = sourcecode.swift; path = SampleNavigator.swift; sourceTree = "<group>"; };
		DB6B04D02C173573004EF001 /* GripSDKTabBarController.swift */ = {isa = PBXFileReference; fileEncoding = 4; lastKnownFileType = sourcecode.swift; path = GripSDKTabBarController.swift; sourceTree = "<group>"; };
		DB6B04D12C173573004EF001 /* AudioManager.swift */ = {isa = PBXFileReference; fileEncoding = 4; lastKnownFileType = sourcecode.swift; path = AudioManager.swift; sourceTree = "<group>"; };
		DB6B04D22C173573004EF001 /* OptionsViewController.swift */ = {isa = PBXFileReference; fileEncoding = 4; lastKnownFileType = sourcecode.swift; path = OptionsViewController.swift; sourceTree = "<group>"; };
		DB6B04D32C173573004EF001 /* FeedViewController.swift */ = {isa = PBXFileReference; fileEncoding = 4; lastKnownFileType = sourcecode.swift; path = FeedViewController.swift; sourceTree = "<group>"; };
		DB6B04DA2C17444B004EF001 /* RxSwift.framework */ = {isa = PBXFileReference; explicitFileType = wrapper.framework; path = RxSwift.framework; sourceTree = BUILT_PRODUCTS_DIR; };
		DB6B04DE2C174450004EF001 /* Alamofire.framework */ = {isa = PBXFileReference; explicitFileType = wrapper.framework; path = Alamofire.framework; sourceTree = BUILT_PRODUCTS_DIR; };
		DB6B04E12C174453004EF001 /* Moya.framework */ = {isa = PBXFileReference; explicitFileType = wrapper.framework; path = Moya.framework; sourceTree = BUILT_PRODUCTS_DIR; };
		DB6B04E42C174455004EF001 /* Reachability.framework */ = {isa = PBXFileReference; explicitFileType = wrapper.framework; path = Reachability.framework; sourceTree = BUILT_PRODUCTS_DIR; };
		DB6B04E72C174459004EF001 /* RxAppState.framework */ = {isa = PBXFileReference; explicitFileType = wrapper.framework; path = RxAppState.framework; sourceTree = BUILT_PRODUCTS_DIR; };
		DBA07F9F2C1722A7000926F9 /* GripFrameworkSample.app */ = {isa = PBXFileReference; explicitFileType = wrapper.application; includeInIndex = 0; path = GripFrameworkSample.app; sourceTree = BUILT_PRODUCTS_DIR; };
		DBA07FA22C1722A7000926F9 /* AppDelegate.swift */ = {isa = PBXFileReference; lastKnownFileType = sourcecode.swift; path = AppDelegate.swift; sourceTree = "<group>"; };
		DBA07FA42C1722A7000926F9 /* SceneDelegate.swift */ = {isa = PBXFileReference; lastKnownFileType = sourcecode.swift; path = SceneDelegate.swift; sourceTree = "<group>"; };
		DBA07FB02C1722A8000926F9 /* Info.plist */ = {isa = PBXFileReference; lastKnownFileType = text.plist.xml; path = Info.plist; sourceTree = "<group>"; };
		ECAF4780BE39527FAD52E74A /* Pods_GripFrameworkSample.framework */ = {isa = PBXFileReference; explicitFileType = wrapper.framework; includeInIndex = 0; path = Pods_GripFrameworkSample.framework; sourceTree = BUILT_PRODUCTS_DIR; };
/* End PBXFileReference section */

/* Begin PBXFrameworksBuildPhase section */
		DBA07F9C2C1722A7000926F9 /* Frameworks */ = {
			isa = PBXFrameworksBuildPhase;
			buildActionMask = 2147483647;
			files = (
				0F0448520CB7DC5B6B6F5AC5 /* Pods_GripFrameworkSample.framework in Frameworks */,
			);
			runOnlyForDeploymentPostprocessing = 0;
		};
/* End PBXFrameworksBuildPhase section */

/* Begin PBXGroup section */
		1D1DA8DBAE91C5863E1AC713 /* Frameworks */ = {
			isa = PBXGroup;
			children = (
				DB6B04E72C174459004EF001 /* RxAppState.framework */,
				DB6B04E42C174455004EF001 /* Reachability.framework */,
				DB6B04E12C174453004EF001 /* Moya.framework */,
				DB6B04DE2C174450004EF001 /* Alamofire.framework */,
				DB6B04DA2C17444B004EF001 /* RxSwift.framework */,
				ECAF4780BE39527FAD52E74A /* Pods_GripFrameworkSample.framework */,
			);
			name = Frameworks;
			sourceTree = "<group>";
		};
		39594E2ABB611F76A04E5F28 /* Pods */ = {
			isa = PBXGroup;
			children = (
				D3584C7672D9F46266EAF959 /* Pods-GripFrameworkSample.debug.xcconfig */,
				5418C7FFB3D4B43935094CCD /* Pods-GripFrameworkSample.release.xcconfig */,
			);
			path = Pods;
			sourceTree = "<group>";
		};
		DB6B04C82C17355F004EF001 /* Resources */ = {
			isa = PBXGroup;
			children = (
				DB6B04C92C17355F004EF001 /* LaunchScreen.storyboard */,
				DB6B04CA2C17355F004EF001 /* Assets.xcassets */,
			);
			path = Resources;
			sourceTree = "<group>";
		};
		DB6B04CD2C173573004EF001 /* Sources */ = {
			isa = PBXGroup;
			children = (
				DB6B04CE2C173573004EF001 /* FeedCollectionViewCell.swift */,
				DB6B04CF2C173573004EF001 /* SampleNavigator.swift */,
				DB6B04D02C173573004EF001 /* GripSDKTabBarController.swift */,
				DB6B04D12C173573004EF001 /* AudioManager.swift */,
				DB6B04D22C173573004EF001 /* OptionsViewController.swift */,
				DB6B04D32C173573004EF001 /* FeedViewController.swift */,
			);
			path = Sources;
			sourceTree = "<group>";
		};
		DBA07F962C1722A7000926F9 = {
			isa = PBXGroup;
			children = (
				DBA07FA12C1722A7000926F9 /* GripFrameworkSample */,
				DBA07FA02C1722A7000926F9 /* Products */,
				39594E2ABB611F76A04E5F28 /* Pods */,
				1D1DA8DBAE91C5863E1AC713 /* Frameworks */,
			);
			sourceTree = "<group>";
		};
		DBA07FA02C1722A7000926F9 /* Products */ = {
			isa = PBXGroup;
			children = (
				DBA07F9F2C1722A7000926F9 /* GripFrameworkSample.app */,
			);
			name = Products;
			sourceTree = "<group>";
		};
		DBA07FA12C1722A7000926F9 /* GripFrameworkSample */ = {
			isa = PBXGroup;
			children = (
				DB6B04CD2C173573004EF001 /* Sources */,
				DB6B04C82C17355F004EF001 /* Resources */,
				DBA07FA22C1722A7000926F9 /* AppDelegate.swift */,
				DBA07FA42C1722A7000926F9 /* SceneDelegate.swift */,
				DBA07FB02C1722A8000926F9 /* Info.plist */,
			);
			path = GripFrameworkSample;
			sourceTree = "<group>";
		};
/* End PBXGroup section */

/* Begin PBXNativeTarget section */
		DBA07F9E2C1722A7000926F9 /* GripFrameworkSample */ = {
			isa = PBXNativeTarget;
			buildConfigurationList = DBA07FB32C1722A8000926F9 /* Build configuration list for PBXNativeTarget "GripFrameworkSample" */;
			buildPhases = (
				D6102842E3D5D50807DD4F53 /* [CP] Check Pods Manifest.lock */,
				DBA07F9B2C1722A7000926F9 /* Sources */,
				DBA07F9C2C1722A7000926F9 /* Frameworks */,
				DBA07F9D2C1722A7000926F9 /* Resources */,
				45FE2FD73AD0D5F48593EB0B /* [CP] Embed Pods Frameworks */,
			);
			buildRules = (
			);
			dependencies = (
			);
			name = GripFrameworkSample;
			productName = GripFrameworkSample;
			productReference = DBA07F9F2C1722A7000926F9 /* GripFrameworkSample.app */;
			productType = "com.apple.product-type.application";
		};
/* End PBXNativeTarget section */

/* Begin PBXProject section */
		DBA07F972C1722A7000926F9 /* Project object */ = {
			isa = PBXProject;
			attributes = {
				BuildIndependentTargetsInParallel = 1;
				LastSwiftUpdateCheck = 1520;
				LastUpgradeCheck = 1520;
				TargetAttributes = {
					DBA07F9E2C1722A7000926F9 = {
						CreatedOnToolsVersion = 15.2;
					};
				};
			};
			buildConfigurationList = DBA07F9A2C1722A7000926F9 /* Build configuration list for PBXProject "GripFrameworkSample" */;
			compatibilityVersion = "Xcode 14.0";
			developmentRegion = en;
			hasScannedForEncodings = 0;
			knownRegions = (
				en,
				Base,
			);
			mainGroup = DBA07F962C1722A7000926F9;
			productRefGroup = DBA07FA02C1722A7000926F9 /* Products */;
			projectDirPath = "";
			projectRoot = "";
			targets = (
				DBA07F9E2C1722A7000926F9 /* GripFrameworkSample */,
			);
		};
/* End PBXProject section */

/* Begin PBXResourcesBuildPhase section */
		DBA07F9D2C1722A7000926F9 /* Resources */ = {
			isa = PBXResourcesBuildPhase;
			buildActionMask = 2147483647;
			files = (
				DB6B04CB2C17355F004EF001 /* LaunchScreen.storyboard in Resources */,
				DB6B04CC2C173560004EF001 /* Assets.xcassets in Resources */,
			);
			runOnlyForDeploymentPostprocessing = 0;
		};
/* End PBXResourcesBuildPhase section */

/* Begin PBXShellScriptBuildPhase section */
		45FE2FD73AD0D5F48593EB0B /* [CP] Embed Pods Frameworks */ = {
			isa = PBXShellScriptBuildPhase;
			buildActionMask = 2147483647;
			files = (
			);
			inputFileListPaths = (
				"${PODS_ROOT}/Target Support Files/Pods-GripFrameworkSample/Pods-GripFrameworkSample-frameworks-${CONFIGURATION}-input-files.xcfilelist",
			);
			name = "[CP] Embed Pods Frameworks";
			outputFileListPaths = (
				"${PODS_ROOT}/Target Support Files/Pods-GripFrameworkSample/Pods-GripFrameworkSample-frameworks-${CONFIGURATION}-output-files.xcfilelist",
			);
			runOnlyForDeploymentPostprocessing = 0;
			shellPath = /bin/sh;
			shellScript = "\"${PODS_ROOT}/Target Support Files/Pods-GripFrameworkSample/Pods-GripFrameworkSample-frameworks.sh\"\n";
			showEnvVarsInLog = 0;
		};
		D6102842E3D5D50807DD4F53 /* [CP] Check Pods Manifest.lock */ = {
			isa = PBXShellScriptBuildPhase;
			buildActionMask = 2147483647;
			files = (
			);
			inputFileListPaths = (
			);
			inputPaths = (
				"${PODS_PODFILE_DIR_PATH}/Podfile.lock",
				"${PODS_ROOT}/Manifest.lock",
			);
			name = "[CP] Check Pods Manifest.lock";
			outputFileListPaths = (
			);
			outputPaths = (
				"$(DERIVED_FILE_DIR)/Pods-GripFrameworkSample-checkManifestLockResult.txt",
			);
			runOnlyForDeploymentPostprocessing = 0;
			shellPath = /bin/sh;
			shellScript = "diff \"${PODS_PODFILE_DIR_PATH}/Podfile.lock\" \"${PODS_ROOT}/Manifest.lock\" > /dev/null\nif [ $? != 0 ] ; then\n    # print error to STDERR\n    echo \"error: The sandbox is not in sync with the Podfile.lock. Run 'pod install' or update your CocoaPods installation.\" >&2\n    exit 1\nfi\n# This output is used by Xcode 'outputs' to avoid re-running this script phase.\necho \"SUCCESS\" > \"${SCRIPT_OUTPUT_FILE_0}\"\n";
			showEnvVarsInLog = 0;
		};
/* End PBXShellScriptBuildPhase section */

/* Begin PBXSourcesBuildPhase section */
		DBA07F9B2C1722A7000926F9 /* Sources */ = {
			isa = PBXSourcesBuildPhase;
			buildActionMask = 2147483647;
			files = (
				DB6B04D92C173573004EF001 /* FeedViewController.swift in Sources */,
				DB6B04D82C173573004EF001 /* OptionsViewController.swift in Sources */,
				DB6B04D72C173573004EF001 /* AudioManager.swift in Sources */,
				DBA07FA32C1722A7000926F9 /* AppDelegate.swift in Sources */,
				DB6B04D42C173573004EF001 /* FeedCollectionViewCell.swift in Sources */,
				DB6B04D52C173573004EF001 /* SampleNavigator.swift in Sources */,
				DB6B04D62C173573004EF001 /* GripSDKTabBarController.swift in Sources */,
				DBA07FA52C1722A7000926F9 /* SceneDelegate.swift in Sources */,
			);
			runOnlyForDeploymentPostprocessing = 0;
		};
/* End PBXSourcesBuildPhase section */

/* Begin XCBuildConfiguration section */
		DBA07FB12C1722A8000926F9 /* Debug */ = {
			isa = XCBuildConfiguration;
			buildSettings = {
				ALWAYS_SEARCH_USER_PATHS = NO;
				ASSETCATALOG_COMPILER_GENERATE_SWIFT_ASSET_SYMBOL_EXTENSIONS = YES;
				CLANG_ANALYZER_NONNULL = YES;
				CLANG_ANALYZER_NUMBER_OBJECT_CONVERSION = YES_AGGRESSIVE;
				CLANG_CXX_LANGUAGE_STANDARD = "gnu++20";
				CLANG_ENABLE_MODULES = YES;
				CLANG_ENABLE_OBJC_ARC = YES;
				CLANG_ENABLE_OBJC_WEAK = YES;
				CLANG_WARN_BLOCK_CAPTURE_AUTORELEASING = YES;
				CLANG_WARN_BOOL_CONVERSION = YES;
				CLANG_WARN_COMMA = YES;
				CLANG_WARN_CONSTANT_CONVERSION = YES;
				CLANG_WARN_DEPRECATED_OBJC_IMPLEMENTATIONS = YES;
				CLANG_WARN_DIRECT_OBJC_ISA_USAGE = YES_ERROR;
				CLANG_WARN_DOCUMENTATION_COMMENTS = YES;
				CLANG_WARN_EMPTY_BODY = YES;
				CLANG_WARN_ENUM_CONVERSION = YES;
				CLANG_WARN_INFINITE_RECURSION = YES;
				CLANG_WARN_INT_CONVERSION = YES;
				CLANG_WARN_NON_LITERAL_NULL_CONVERSION = YES;
				CLANG_WARN_OBJC_IMPLICIT_RETAIN_SELF = YES;
				CLANG_WARN_OBJC_LITERAL_CONVERSION = YES;
				CLANG_WARN_OBJC_ROOT_CLASS = YES_ERROR;
				CLANG_WARN_QUOTED_INCLUDE_IN_FRAMEWORK_HEADER = YES;
				CLANG_WARN_RANGE_LOOP_ANALYSIS = YES;
				CLANG_WARN_STRICT_PROTOTYPES = YES;
				CLANG_WARN_SUSPICIOUS_MOVE = YES;
				CLANG_WARN_UNGUARDED_AVAILABILITY = YES_AGGRESSIVE;
				CLANG_WARN_UNREACHABLE_CODE = YES;
				CLANG_WARN__DUPLICATE_METHOD_MATCH = YES;
				COPY_PHASE_STRIP = NO;
				DEBUG_INFORMATION_FORMAT = dwarf;
				ENABLE_STRICT_OBJC_MSGSEND = YES;
				ENABLE_TESTABILITY = YES;
				ENABLE_USER_SCRIPT_SANDBOXING = NO;
				GCC_C_LANGUAGE_STANDARD = gnu17;
				GCC_DYNAMIC_NO_PIC = NO;
				GCC_NO_COMMON_BLOCKS = YES;
				GCC_OPTIMIZATION_LEVEL = 0;
				GCC_PREPROCESSOR_DEFINITIONS = (
					"DEBUG=1",
					"$(inherited)",
				);
				GCC_WARN_64_TO_32_BIT_CONVERSION = YES;
				GCC_WARN_ABOUT_RETURN_TYPE = YES_ERROR;
				GCC_WARN_UNDECLARED_SELECTOR = YES;
				GCC_WARN_UNINITIALIZED_AUTOS = YES_AGGRESSIVE;
				GCC_WARN_UNUSED_FUNCTION = YES;
				GCC_WARN_UNUSED_VARIABLE = YES;
				IPHONEOS_DEPLOYMENT_TARGET = 14.0;
				LOCALIZATION_PREFERS_STRING_CATALOGS = YES;
				MTL_ENABLE_DEBUG_INFO = INCLUDE_SOURCE;
				MTL_FAST_MATH = YES;
				ONLY_ACTIVE_ARCH = YES;
				SDKROOT = iphoneos;
				SWIFT_ACTIVE_COMPILATION_CONDITIONS = "DEBUG $(inherited)";
				SWIFT_OPTIMIZATION_LEVEL = "-Onone";
			};
			name = Debug;
		};
		DBA07FB22C1722A8000926F9 /* Release */ = {
			isa = XCBuildConfiguration;
			buildSettings = {
				ALWAYS_SEARCH_USER_PATHS = NO;
				ASSETCATALOG_COMPILER_GENERATE_SWIFT_ASSET_SYMBOL_EXTENSIONS = YES;
				CLANG_ANALYZER_NONNULL = YES;
				CLANG_ANALYZER_NUMBER_OBJECT_CONVERSION = YES_AGGRESSIVE;
				CLANG_CXX_LANGUAGE_STANDARD = "gnu++20";
				CLANG_ENABLE_MODULES = YES;
				CLANG_ENABLE_OBJC_ARC = YES;
				CLANG_ENABLE_OBJC_WEAK = YES;
				CLANG_WARN_BLOCK_CAPTURE_AUTORELEASING = YES;
				CLANG_WARN_BOOL_CONVERSION = YES;
				CLANG_WARN_COMMA = YES;
				CLANG_WARN_CONSTANT_CONVERSION = YES;
				CLANG_WARN_DEPRECATED_OBJC_IMPLEMENTATIONS = YES;
				CLANG_WARN_DIRECT_OBJC_ISA_USAGE = YES_ERROR;
				CLANG_WARN_DOCUMENTATION_COMMENTS = YES;
				CLANG_WARN_EMPTY_BODY = YES;
				CLANG_WARN_ENUM_CONVERSION = YES;
				CLANG_WARN_INFINITE_RECURSION = YES;
				CLANG_WARN_INT_CONVERSION = YES;
				CLANG_WARN_NON_LITERAL_NULL_CONVERSION = YES;
				CLANG_WARN_OBJC_IMPLICIT_RETAIN_SELF = YES;
				CLANG_WARN_OBJC_LITERAL_CONVERSION = YES;
				CLANG_WARN_OBJC_ROOT_CLASS = YES_ERROR;
				CLANG_WARN_QUOTED_INCLUDE_IN_FRAMEWORK_HEADER = YES;
				CLANG_WARN_RANGE_LOOP_ANALYSIS = YES;
				CLANG_WARN_STRICT_PROTOTYPES = YES;
				CLANG_WARN_SUSPICIOUS_MOVE = YES;
				CLANG_WARN_UNGUARDED_AVAILABILITY = YES_AGGRESSIVE;
				CLANG_WARN_UNREACHABLE_CODE = YES;
				CLANG_WARN__DUPLICATE_METHOD_MATCH = YES;
				COPY_PHASE_STRIP = NO;
				DEBUG_INFORMATION_FORMAT = "dwarf-with-dsym";
				ENABLE_NS_ASSERTIONS = NO;
				ENABLE_STRICT_OBJC_MSGSEND = YES;
				ENABLE_USER_SCRIPT_SANDBOXING = NO;
				GCC_C_LANGUAGE_STANDARD = gnu17;
				GCC_NO_COMMON_BLOCKS = YES;
				GCC_WARN_64_TO_32_BIT_CONVERSION = YES;
				GCC_WARN_ABOUT_RETURN_TYPE = YES_ERROR;
				GCC_WARN_UNDECLARED_SELECTOR = YES;
				GCC_WARN_UNINITIALIZED_AUTOS = YES_AGGRESSIVE;
				GCC_WARN_UNUSED_FUNCTION = YES;
				GCC_WARN_UNUSED_VARIABLE = YES;
				IPHONEOS_DEPLOYMENT_TARGET = 14.0;
				LOCALIZATION_PREFERS_STRING_CATALOGS = YES;
				MTL_ENABLE_DEBUG_INFO = NO;
				MTL_FAST_MATH = YES;
				SDKROOT = iphoneos;
				SWIFT_COMPILATION_MODE = wholemodule;
				VALIDATE_PRODUCT = YES;
			};
			name = Release;
		};
		DBA07FB42C1722A8000926F9 /* Debug */ = {
			isa = XCBuildConfiguration;
			baseConfigurationReference = D3584C7672D9F46266EAF959 /* Pods-GripFrameworkSample.debug.xcconfig */;
			buildSettings = {
				ASSETCATALOG_COMPILER_APPICON_NAME = AppIcon;
				ASSETCATALOG_COMPILER_GLOBAL_ACCENT_COLOR_NAME = AccentColor;
				CODE_SIGN_STYLE = Automatic;
				CURRENT_PROJECT_VERSION = 1;
				DEVELOPMENT_TEAM = 4DD5F2959G;
				GENERATE_INFOPLIST_FILE = YES;
				INFOPLIST_FILE = GripFrameworkSample/Info.plist;
				INFOPLIST_KEY_UIApplicationSupportsIndirectInputEvents = YES;
				INFOPLIST_KEY_UILaunchStoryboardName = LaunchScreen;
				INFOPLIST_KEY_UISupportedInterfaceOrientations_iPad = "UIInterfaceOrientationPortrait UIInterfaceOrientationPortraitUpsideDown UIInterfaceOrientationLandscapeLeft UIInterfaceOrientationLandscapeRight";
				INFOPLIST_KEY_UISupportedInterfaceOrientations_iPhone = "UIInterfaceOrientationPortrait UIInterfaceOrientationLandscapeLeft UIInterfaceOrientationLandscapeRight";
				LD_RUNPATH_SEARCH_PATHS = (
					"$(inherited)",
					"@executable_path/Frameworks",
				);
				MARKETING_VERSION = 1.0;
				PRODUCT_BUNDLE_IDENTIFIER = grip.show.sample.GripFrameworkSample;
				PRODUCT_NAME = "$(TARGET_NAME)";
				SWIFT_EMIT_LOC_STRINGS = YES;
				SWIFT_VERSION = 5.0;
				TARGETED_DEVICE_FAMILY = "1,2";
			};
			name = Debug;
		};
		DBA07FB52C1722A8000926F9 /* Release */ = {
			isa = XCBuildConfiguration;
			baseConfigurationReference = 5418C7FFB3D4B43935094CCD /* Pods-GripFrameworkSample.release.xcconfig */;
			buildSettings = {
				ASSETCATALOG_COMPILER_APPICON_NAME = AppIcon;
				ASSETCATALOG_COMPILER_GLOBAL_ACCENT_COLOR_NAME = AccentColor;
				CODE_SIGN_STYLE = Automatic;
				CURRENT_PROJECT_VERSION = 1;
				DEVELOPMENT_TEAM = 4DD5F2959G;
				GENERATE_INFOPLIST_FILE = YES;
				INFOPLIST_FILE = GripFrameworkSample/Info.plist;
				INFOPLIST_KEY_UIApplicationSupportsIndirectInputEvents = YES;
				INFOPLIST_KEY_UILaunchStoryboardName = LaunchScreen;
				INFOPLIST_KEY_UISupportedInterfaceOrientations_iPad = "UIInterfaceOrientationPortrait UIInterfaceOrientationPortraitUpsideDown UIInterfaceOrientationLandscapeLeft UIInterfaceOrientationLandscapeRight";
				INFOPLIST_KEY_UISupportedInterfaceOrientations_iPhone = "UIInterfaceOrientationPortrait UIInterfaceOrientationLandscapeLeft UIInterfaceOrientationLandscapeRight";
				LD_RUNPATH_SEARCH_PATHS = (
					"$(inherited)",
					"@executable_path/Frameworks",
				);
				MARKETING_VERSION = 1.0;
				PRODUCT_BUNDLE_IDENTIFIER = grip.show.sample.GripFrameworkSample;
				PRODUCT_NAME = "$(TARGET_NAME)";
				SWIFT_EMIT_LOC_STRINGS = YES;
				SWIFT_VERSION = 5.0;
				TARGETED_DEVICE_FAMILY = "1,2";
			};
			name = Release;
		};
/* End XCBuildConfiguration section */

/* Begin XCConfigurationList section */
		DBA07F9A2C1722A7000926F9 /* Build configuration list for PBXProject "GripFrameworkSample" */ = {
			isa = XCConfigurationList;
			buildConfigurations = (
				DBA07FB12C1722A8000926F9 /* Debug */,
				DBA07FB22C1722A8000926F9 /* Release */,
			);
			defaultConfigurationIsVisible = 0;
			defaultConfigurationName = Release;
		};
		DBA07FB32C1722A8000926F9 /* Build configuration list for PBXNativeTarget "GripFrameworkSample" */ = {
			isa = XCConfigurationList;
			buildConfigurations = (
				DBA07FB42C1722A8000926F9 /* Debug */,
				DBA07FB52C1722A8000926F9 /* Release */,
			);
			defaultConfigurationIsVisible = 0;
			defaultConfigurationName = Release;
		};
/* End XCConfigurationList section */
	};
	rootObject = DBA07F972C1722A7000926F9 /* Project object */;
}
